
Microsoft Visual Studio Solution File, Format Version 12.00
# Visual Studio Version 17
VisualStudioVersion = 17.3.32929.385
MinimumVisualStudioVersion = 10.0.40219.1
Project("{9A19103F-16F7-4668-BE54-9A1E7A4F7556}") = "Business", "Business\Business.csproj", "{65BA8F6D-B840-41CA-867D-304057E9DE66}"
EndProject
Project("{9A19103F-16F7-4668-BE54-9A1E7A4F7556}") = "DataAccess", "DataAccess\DataAccess.csproj", "{5CAD80B2-7CFA-4169-AF6C-14A952A566FD}"
EndProject
Project("{9A19103F-16F7-4668-BE54-9A1E7A4F7556}") = "Core", "Core\Core.csproj", "{C5CE7202-92A8-4528-BD1D-2E02DA6D50D1}"
EndProject
Project("{9A19103F-16F7-4668-BE54-9A1E7A4F7556}") = "Entitiy", "Entity\Entitiy.csproj", "{EC96982A-AE89-485E-94E8-8B3F8E833F20}"
EndProject
Project("{9A19103F-16F7-4668-BE54-9A1E7A4F7556}") = "ShoppingWebUI", "ShoppingWebUI\ShoppingWebUI.csproj", "{850D016B-CF23-4B47-9538-B56B7D671DC3}"
EndProject
Global
	GlobalSection(SolutionConfigurationPlatforms) = preSolution
		Debug|Any CPU = Debug|Any CPU
		Release|Any CPU = Release|Any CPU
	EndGlobalSection
	GlobalSection(ProjectConfigurationPlatforms) = postSolution
		{65BA8F6D-B840-41CA-867D-304057E9DE66}.Debug|Any CPU.ActiveCfg = Debug|Any CPU
		{65BA8F6D-B840-41CA-867D-304057E9DE66}.Debug|Any CPU.Build.0 = Debug|Any CPU
		{65BA8F6D-B840-41CA-867D-304057E9DE66}.Release|Any CPU.ActiveCfg = Release|Any CPU
		{65BA8F6D-B840-41CA-867D-304057E9DE66}.Release|Any CPU.Build.0 = Release|Any CPU
		{5CAD80B2-7CFA-4169-AF6C-14A952A566FD}.Debug|Any CPU.ActiveCfg = Debug|Any CPU
		{5CAD80B2-7CFA-4169-AF6C-14A952A566FD}.Debug|Any CPU.Build.0 = Debug|Any CPU
		{5CAD80B2-7CFA-4169-AF6C-14A952A566FD}.Release|Any CPU.ActiveCfg = Release|Any CPU
		{5CAD80B2-7CFA-4169-AF6C-14A952A566FD}.Release|Any CPU.Build.0 = Release|Any CPU
		{C5CE7202-92A8-4528-BD1D-2E02DA6D50D1}.Debug|Any CPU.ActiveCfg = Debug|Any CPU
		{C5CE7202-92A8-4528-BD1D-2E02DA6D50D1}.Debug|Any CPU.Build.0 = Debug|Any CPU
		{C5CE7202-92A8-4528-BD1D-2E02DA6D50D1}.Release|Any CPU.ActiveCfg = Release|Any CPU
		{C5CE7202-92A8-4528-BD1D-2E02DA6D50D1}.Release|Any CPU.Build.0 = Release|Any CPU
		{EC96982A-AE89-485E-94E8-8B3F8E833F20}.Debug|Any CPU.ActiveCfg = Debug|Any CPU
		{EC96982A-AE89-485E-94E8-8B3F8E833F20}.Debug|Any CPU.Build.0 = Debug|Any CPU
		{EC96982A-AE89-485E-94E8-8B3F8E833F20}.Release|Any CPU.ActiveCfg = Release|Any CPU
		{EC96982A-AE89-485E-94E8-8B3F8E833F20}.Release|Any CPU.Build.0 = Release|Any CPU
		{850D016B-CF23-4B47-9538-B56B7D671DC3}.Debug|Any CPU.ActiveCfg = Debug|Any CPU
		{850D016B-CF23-4B47-9538-B56B7D671DC3}.Debug|Any CPU.Build.0 = Debug|Any CPU
		{850D016B-CF23-4B47-9538-B56B7D671DC3}.Release|Any CPU.ActiveCfg = Release|Any CPU
		{850D016B-CF23-4B47-9538-B56B7D671DC3}.Release|Any CPU.Build.0 = Release|Any CPU
	EndGlobalSection
	GlobalSection(SolutionProperties) = preSolution
		HideSolutionNode = FALSE
	EndGlobalSection
	GlobalSection(ExtensibilityGlobals) = postSolution
		SolutionGuid = {74AA9FE6-4442-4520-A615-5F00FF80C988}
	EndGlobalSection
EndGlobal
